
Microsoft Visual Studio Solution File, Format Version 12.00
Project("{FAE04EC0-301F-11D3-BF4B-00C04F79EFBC}") = "TodoApi", "TodoApi\TodoApi.csproj", "{0EF5F984-7B49-4CC2-B558-BAB1BC73426C}"
EndProject
Global
	GlobalSection(SolutionConfigurationPlatforms) = preSolution
		Debug|Any CPU = Debug|Any CPU
		Release|Any CPU = Release|Any CPU
	EndGlobalSection
	GlobalSection(ProjectConfigurationPlatforms) = postSolution
		{0EF5F984-7B49-4CC2-B558-BAB1BC73426C}.Debug|Any CPU.ActiveCfg = Debug|Any CPU
		{0EF5F984-7B49-4CC2-B558-BAB1BC73426C}.Debug|Any CPU.Build.0 = Debug|Any CPU
		{0EF5F984-7B49-4CC2-B558-BAB1BC73426C}.Release|Any CPU.ActiveCfg = Release|Any CPU
		{0EF5F984-7B49-4CC2-B558-BAB1BC73426C}.Release|Any CPU.Build.0 = Release|Any CPU
	EndGlobalSection
EndGlobal
